
Microsoft Visual Studio Solution File, Format Version 12.00
# Visual Studio 15
VisualStudioVersion = 15.0.27703.2035
MinimumVisualStudioVersion = 10.0.40219.1
Project("{FAE04EC0-301F-11D3-BF4B-00C04F79EFBC}") = "Assignment1", "Assignment1\Assignment1.csproj", "{5EE6432C-5B45-4794-B3B3-445B6A3E38C5}"
EndProject
Global
	GlobalSection(SolutionConfigurationPlatforms) = preSolution
		Debug|Any CPU = Debug|Any CPU
		Release|Any CPU = Release|Any CPU
	EndGlobalSection
	GlobalSection(ProjectConfigurationPlatforms) = postSolution
		{5EE6432C-5B45-4794-B3B3-445B6A3E38C5}.Debug|Any CPU.ActiveCfg = Debug|Any CPU
		{5EE6432C-5B45-4794-B3B3-445B6A3E38C5}.Debug|Any CPU.Build.0 = Debug|Any CPU
		{5EE6432C-5B45-4794-B3B3-445B6A3E38C5}.Release|Any CPU.ActiveCfg = Release|Any CPU
		{5EE6432C-5B45-4794-B3B3-445B6A3E38C5}.Release|Any CPU.Build.0 = Release|Any CPU
	EndGlobalSection
	GlobalSection(SolutionProperties) = preSolution
		HideSolutionNode = FALSE
	EndGlobalSection
	GlobalSection(ExtensibilityGlobals) = postSolution
		SolutionGuid = {5C925AC7-4D79-4386-8BB8-4015634E351C}
	EndGlobalSection
EndGlobal
